
Microsoft Visual Studio Solution File, Format Version 12.00
# Visual Studio Version 16
VisualStudioVersion = 16.0.30803.129
MinimumVisualStudioVersion = 10.0.40219.1
Project("{FAE04EC0-301F-11D3-BF4B-00C04F79EFBC}") = "DataLayer.Oracle", "DataLayer.Oracle\DataLayer.Oracle.csproj", "{40513301-712B-4203-8DB4-4BC6611436AE}"
EndProject
Global
	GlobalSection(SolutionConfigurationPlatforms) = preSolution
		Debug|Any CPU = Debug|Any CPU
		Release|Any CPU = Release|Any CPU
	EndGlobalSection
	GlobalSection(ProjectConfigurationPlatforms) = postSolution
		{40513301-712B-4203-8DB4-4BC6611436AE}.Debug|Any CPU.ActiveCfg = Debug|Any CPU
		{40513301-712B-4203-8DB4-4BC6611436AE}.Debug|Any CPU.Build.0 = Debug|Any CPU
		{40513301-712B-4203-8DB4-4BC6611436AE}.Release|Any CPU.ActiveCfg = Release|Any CPU
		{40513301-712B-4203-8DB4-4BC6611436AE}.Release|Any CPU.Build.0 = Release|Any CPU
	EndGlobalSection
	GlobalSection(SolutionProperties) = preSolution
		HideSolutionNode = FALSE
	EndGlobalSection
	GlobalSection(ExtensibilityGlobals) = postSolution
		SolutionGuid = {7C323ADE-6E65-4F83-B64E-8436A840F4C9}
	EndGlobalSection
EndGlobal
